
Microsoft Visual Studio Solution File, Format Version 12.00
# Visual Studio Version 16
VisualStudioVersion = 16.0.29424.173
MinimumVisualStudioVersion = 10.0.40219.1
Project("{9A19103F-16F7-4668-BE54-9A1E7A4F7556}") = "Nenter.Blog.UI", "Nenter.Blog.UI\Nenter.Blog.UI.csproj", "{9CB23DC7-4E3C-4A03-ABC3-CB51612F2B28}"
EndProject
Project("{9A19103F-16F7-4668-BE54-9A1E7A4F7556}") = "Nenter.Data", "Nenter.Data\Nenter.Data.csproj", "{318EEE71-96D1-45A9-B32D-704F490013C8}"
EndProject
Project("{9A19103F-16F7-4668-BE54-9A1E7A4F7556}") = "Nenter.Blog.Application", "Nenter.Blog.Application\Nenter.Blog.Application.csproj", "{23536169-8597-4FB6-B6A0-1C3A6CC7DBD7}"
EndProject
Project("{9A19103F-16F7-4668-BE54-9A1E7A4F7556}") = "Nenter.Test", "Nenter.Test\Nenter.Test.csproj", "{2FD3FC43-A52E-4FA5-886D-D299646E8A34}"
EndProject
Project("{9A19103F-16F7-4668-BE54-9A1E7A4F7556}") = "Nenter.Core", "Nenter.Core\Nenter.Core.csproj", "{3680E767-FE8B-43DA-99C8-BC0D15420B57}"
EndProject
Project("{9A19103F-16F7-4668-BE54-9A1E7A4F7556}") = "Nenter.Data.EntityFramework", "Nenter.Data.EntityFramework\Nenter.Data.EntityFramework.csproj", "{552E81C6-CC70-479F-B48E-A3B5572DADFB}"
EndProject
Project("{9A19103F-16F7-4668-BE54-9A1E7A4F7556}") = "Nenter.Data.Dapper", "Nenter.Data.Dapper\Nenter.Data.Dapper.csproj", "{40F55259-16FC-4074-964A-B7B25A0C5628}"
EndProject
Project("{2150E333-8FDC-42A3-9474-1A3956D46DE8}") = "Core", "Core", "{49A317B3-23FD-4DC8-B8A1-6E9047F4336E}"
EndProject
Project("{2150E333-8FDC-42A3-9474-1A3956D46DE8}") = "Blog", "Blog", "{5B15CEEA-8731-47F9-A7F0-86DF6FB5FC71}"
EndProject
Project("{9A19103F-16F7-4668-BE54-9A1E7A4F7556}") = "Nenter.Dapper.Linq", "Nenter.Dapper.Linq\Nenter.Dapper.Linq.csproj", "{B7DD066D-3FBD-428F-803A-DB89F51779C6}"
EndProject
Project("{9A19103F-16F7-4668-BE54-9A1E7A4F7556}") = "Nenter.Dapper.Linq.Test", "Nenter.Dapper.Linq.Test\Nenter.Dapper.Linq.Test.csproj", "{6014C117-66C2-4E73-A3FF-EA80A1E21AB2}"
EndProject
Project("{2150E333-8FDC-42A3-9474-1A3956D46DE8}") = "Docker", "Docker", "{25F4068D-9E90-4D0B-A5D8-328653A1E2ED}"
	ProjectSection(SolutionItems) = preProject
		C:\Users\35084\Downloads\aspnetcore-docker-latest\Dockerfile = C:\Users\35084\Downloads\aspnetcore-docker-latest\Dockerfile
		C:\Users\35084\Downloads\aspnetcore-docker-latest\README.md = C:\Users\35084\Downloads\aspnetcore-docker-latest\README.md
		C:\Users\35084\Downloads\aspnetcore-docker-latest\sources.list = C:\Users\35084\Downloads\aspnetcore-docker-latest\sources.list
	EndProjectSection
EndProject
Project("{2150E333-8FDC-42A3-9474-1A3956D46DE8}") = "Solution Items", "Solution Items", "{A673C88B-AE5F-4A17-BDC1-78892E7083F1}"
	ProjectSection(SolutionItems) = preProject
		..\README.md = ..\README.md
	EndProjectSection
EndProject
Project("{FAE04EC0-301F-11D3-BF4B-00C04F79EFBC}") = "Nenter.HttpClient", "Nenter.HttpClient\Nenter.HttpClient.csproj", "{66BEACBA-30D2-45E2-B7E5-AF596CC94AA9}"
EndProject
Global
	GlobalSection(SolutionConfigurationPlatforms) = preSolution
		Debug|Any CPU = Debug|Any CPU
		Release|Any CPU = Release|Any CPU
	EndGlobalSection
	GlobalSection(ProjectConfigurationPlatforms) = postSolution
		{9CB23DC7-4E3C-4A03-ABC3-CB51612F2B28}.Debug|Any CPU.ActiveCfg = Debug|Any CPU
		{9CB23DC7-4E3C-4A03-ABC3-CB51612F2B28}.Debug|Any CPU.Build.0 = Debug|Any CPU
		{9CB23DC7-4E3C-4A03-ABC3-CB51612F2B28}.Release|Any CPU.ActiveCfg = Release|Any CPU
		{9CB23DC7-4E3C-4A03-ABC3-CB51612F2B28}.Release|Any CPU.Build.0 = Release|Any CPU
		{318EEE71-96D1-45A9-B32D-704F490013C8}.Debug|Any CPU.ActiveCfg = Debug|Any CPU
		{318EEE71-96D1-45A9-B32D-704F490013C8}.Debug|Any CPU.Build.0 = Debug|Any CPU
		{318EEE71-96D1-45A9-B32D-704F490013C8}.Release|Any CPU.ActiveCfg = Release|Any CPU
		{318EEE71-96D1-45A9-B32D-704F490013C8}.Release|Any CPU.Build.0 = Release|Any CPU
		{23536169-8597-4FB6-B6A0-1C3A6CC7DBD7}.Debug|Any CPU.ActiveCfg = Debug|Any CPU
		{23536169-8597-4FB6-B6A0-1C3A6CC7DBD7}.Debug|Any CPU.Build.0 = Debug|Any CPU
		{23536169-8597-4FB6-B6A0-1C3A6CC7DBD7}.Release|Any CPU.ActiveCfg = Release|Any CPU
		{23536169-8597-4FB6-B6A0-1C3A6CC7DBD7}.Release|Any CPU.Build.0 = Release|Any CPU
		{2FD3FC43-A52E-4FA5-886D-D299646E8A34}.Debug|Any CPU.ActiveCfg = Debug|Any CPU
		{2FD3FC43-A52E-4FA5-886D-D299646E8A34}.Debug|Any CPU.Build.0 = Debug|Any CPU
		{2FD3FC43-A52E-4FA5-886D-D299646E8A34}.Release|Any CPU.ActiveCfg = Release|Any CPU
		{2FD3FC43-A52E-4FA5-886D-D299646E8A34}.Release|Any CPU.Build.0 = Release|Any CPU
		{3680E767-FE8B-43DA-99C8-BC0D15420B57}.Debug|Any CPU.ActiveCfg = Debug|Any CPU
		{3680E767-FE8B-43DA-99C8-BC0D15420B57}.Debug|Any CPU.Build.0 = Debug|Any CPU
		{3680E767-FE8B-43DA-99C8-BC0D15420B57}.Release|Any CPU.ActiveCfg = Release|Any CPU
		{3680E767-FE8B-43DA-99C8-BC0D15420B57}.Release|Any CPU.Build.0 = Release|Any CPU
		{552E81C6-CC70-479F-B48E-A3B5572DADFB}.Debug|Any CPU.ActiveCfg = Debug|Any CPU
		{552E81C6-CC70-479F-B48E-A3B5572DADFB}.Debug|Any CPU.Build.0 = Debug|Any CPU
		{552E81C6-CC70-479F-B48E-A3B5572DADFB}.Release|Any CPU.ActiveCfg = Release|Any CPU
		{552E81C6-CC70-479F-B48E-A3B5572DADFB}.Release|Any CPU.Build.0 = Release|Any CPU
		{40F55259-16FC-4074-964A-B7B25A0C5628}.Debug|Any CPU.ActiveCfg = Debug|Any CPU
		{40F55259-16FC-4074-964A-B7B25A0C5628}.Debug|Any CPU.Build.0 = Debug|Any CPU
		{40F55259-16FC-4074-964A-B7B25A0C5628}.Release|Any CPU.ActiveCfg = Release|Any CPU
		{40F55259-16FC-4074-964A-B7B25A0C5628}.Release|Any CPU.Build.0 = Release|Any CPU
		{B7DD066D-3FBD-428F-803A-DB89F51779C6}.Debug|Any CPU.ActiveCfg = Debug|Any CPU
		{B7DD066D-3FBD-428F-803A-DB89F51779C6}.Debug|Any CPU.Build.0 = Debug|Any CPU
		{B7DD066D-3FBD-428F-803A-DB89F51779C6}.Release|Any CPU.ActiveCfg = Release|Any CPU
		{B7DD066D-3FBD-428F-803A-DB89F51779C6}.Release|Any CPU.Build.0 = Release|Any CPU
		{6014C117-66C2-4E73-A3FF-EA80A1E21AB2}.Debug|Any CPU.ActiveCfg = Debug|Any CPU
		{6014C117-66C2-4E73-A3FF-EA80A1E21AB2}.Debug|Any CPU.Build.0 = Debug|Any CPU
		{6014C117-66C2-4E73-A3FF-EA80A1E21AB2}.Release|Any CPU.ActiveCfg = Release|Any CPU
		{6014C117-66C2-4E73-A3FF-EA80A1E21AB2}.Release|Any CPU.Build.0 = Release|Any CPU
		{66BEACBA-30D2-45E2-B7E5-AF596CC94AA9}.Debug|Any CPU.ActiveCfg = Debug|Any CPU
		{66BEACBA-30D2-45E2-B7E5-AF596CC94AA9}.Debug|Any CPU.Build.0 = Debug|Any CPU
		{66BEACBA-30D2-45E2-B7E5-AF596CC94AA9}.Release|Any CPU.ActiveCfg = Release|Any CPU
		{66BEACBA-30D2-45E2-B7E5-AF596CC94AA9}.Release|Any CPU.Build.0 = Release|Any CPU
	EndGlobalSection
	GlobalSection(SolutionProperties) = preSolution
		HideSolutionNode = FALSE
	EndGlobalSection
	GlobalSection(NestedProjects) = preSolution
		{9CB23DC7-4E3C-4A03-ABC3-CB51612F2B28} = {5B15CEEA-8731-47F9-A7F0-86DF6FB5FC71}
		{318EEE71-96D1-45A9-B32D-704F490013C8} = {49A317B3-23FD-4DC8-B8A1-6E9047F4336E}
		{23536169-8597-4FB6-B6A0-1C3A6CC7DBD7} = {5B15CEEA-8731-47F9-A7F0-86DF6FB5FC71}
		{3680E767-FE8B-43DA-99C8-BC0D15420B57} = {49A317B3-23FD-4DC8-B8A1-6E9047F4336E}
		{552E81C6-CC70-479F-B48E-A3B5572DADFB} = {49A317B3-23FD-4DC8-B8A1-6E9047F4336E}
		{40F55259-16FC-4074-964A-B7B25A0C5628} = {49A317B3-23FD-4DC8-B8A1-6E9047F4336E}
		{B7DD066D-3FBD-428F-803A-DB89F51779C6} = {49A317B3-23FD-4DC8-B8A1-6E9047F4336E}
		{66BEACBA-30D2-45E2-B7E5-AF596CC94AA9} = {49A317B3-23FD-4DC8-B8A1-6E9047F4336E}
	EndGlobalSection
	GlobalSection(ExtensibilityGlobals) = postSolution
		SolutionGuid = {7F0E38B1-A4C8-4BF8-8469-CA054745D9D4}
	EndGlobalSection
EndGlobal
