
Microsoft Visual Studio Solution File, Format Version 12.00
Project("{FAE04EC0-301F-11D3-BF4B-00C04F79EFBC}") = "Nenter.Blog.UI", "Nenter.Blog.UI\Nenter.Blog.UI.csproj", "{9CB23DC7-4E3C-4A03-ABC3-CB51612F2B28}"
EndProject
Project("{FAE04EC0-301F-11D3-BF4B-00C04F79EFBC}") = "Nenter.Blog.Data", "Nenter.Blog.Data\Nenter.Blog.Data.csproj", "{318EEE71-96D1-45A9-B32D-704F490013C8}"
EndProject
Project("{FAE04EC0-301F-11D3-BF4B-00C04F79EFBC}") = "Nenter.Blog.Application", "Nenter.Blog.Application\Nenter.Blog.Application.csproj", "{23536169-8597-4FB6-B6A0-1C3A6CC7DBD7}"
EndProject
Global
	GlobalSection(SolutionConfigurationPlatforms) = preSolution
		Debug|Any CPU = Debug|Any CPU
		Release|Any CPU = Release|Any CPU
	EndGlobalSection
	GlobalSection(ProjectConfigurationPlatforms) = postSolution
		{9CB23DC7-4E3C-4A03-ABC3-CB51612F2B28}.Debug|Any CPU.ActiveCfg = Debug|Any CPU
		{9CB23DC7-4E3C-4A03-ABC3-CB51612F2B28}.Debug|Any CPU.Build.0 = Debug|Any CPU
		{9CB23DC7-4E3C-4A03-ABC3-CB51612F2B28}.Release|Any CPU.ActiveCfg = Release|Any CPU
		{9CB23DC7-4E3C-4A03-ABC3-CB51612F2B28}.Release|Any CPU.Build.0 = Release|Any CPU
		{318EEE71-96D1-45A9-B32D-704F490013C8}.Debug|Any CPU.ActiveCfg = Debug|Any CPU
		{318EEE71-96D1-45A9-B32D-704F490013C8}.Debug|Any CPU.Build.0 = Debug|Any CPU
		{318EEE71-96D1-45A9-B32D-704F490013C8}.Release|Any CPU.ActiveCfg = Release|Any CPU
		{318EEE71-96D1-45A9-B32D-704F490013C8}.Release|Any CPU.Build.0 = Release|Any CPU
		{23536169-8597-4FB6-B6A0-1C3A6CC7DBD7}.Debug|Any CPU.ActiveCfg = Debug|Any CPU
		{23536169-8597-4FB6-B6A0-1C3A6CC7DBD7}.Debug|Any CPU.Build.0 = Debug|Any CPU
		{23536169-8597-4FB6-B6A0-1C3A6CC7DBD7}.Release|Any CPU.ActiveCfg = Release|Any CPU
		{23536169-8597-4FB6-B6A0-1C3A6CC7DBD7}.Release|Any CPU.Build.0 = Release|Any CPU
	EndGlobalSection
EndGlobal
